Microsoft Visual Studio Solution File, Format Version 12.00
# Visual Studio Version 16
VisualStudioVersion = 16.0.30128.74
MinimumVisualStudioVersion = 10.0.40219.1
Project("{F184B08F-C81C-45F6-A57F-5ABD9991F28F}") = "XpertERP", "XpertERP.vbproj", "{96881043-0DEA-4212-B6A3-AFE09D11E081}"
EndProject
Project("{F184B08F-C81C-45F6-A57F-5ABD9991F28F}") = "XpertERPEngine", "..\XpertERPEngine\XpertERPEngine.vbproj", "{FA619D1E-C09F-4D15-9DFA-63C256017D35}"
EndProject
Project("{F184B08F-C81C-45F6-A57F-5ABD9991F28F}") = "XpertERPHRandPayroll", "..\XpertERPHRandPayroll\XpertERPHRandPayroll.vbproj", "{3D95928D-C9D1-43D1-B215-A91706E91D40}"
EndProject
Project("{F184B08F-C81C-45F6-A57F-5ABD9991F28F}") = "XpertERPSalesAndDistribution", "..\XpertERPSalesAndDistribution\XpertERPSalesAndDistribution.vbproj", "{C87C04D1-6DD3-4B0A-B741-0A9154469A78}"
EndProject
Project("{F184B08F-C81C-45F6-A57F-5ABD9991F28F}") = "XpertERPAdminServices", "..\XpertERPAdminServices\XpertERPAdminServices.vbproj", "{55068237-A797-487D-B78A-F022135476FE}"
EndProject
Project("{F184B08F-C81C-45F6-A57F-5ABD9991F28F}") = "XpertERPCommanServices", "..\XpertERPCommanServices\XpertERPCommanServices.vbproj", "{1269A9FC-0CAD-4F50-8C11-E454CA307E14}"
EndProject
Project("{F184B08F-C81C-45F6-A57F-5ABD9991F28F}") = "XpertERPReco", "..\XpertERPReco\XpertERPReco.vbproj", "{349F45EB-BC52-447C-AE2F-00D247949BA9}"
EndProject
Project("{F184B08F-C81C-45F6-A57F-5ABD9991F28F}") = "XpertERPJobWorkOutward", "..\XpertERPJobWorkOutward\XpertERPJobWorkOutward.vbproj", "{64334626-CD11-4809-AB44-AA00874EB099}"
EndProject
Project("{F184B08F-C81C-45F6-A57F-5ABD9991F28F}") = "XpertERPFixedAssets", "..\XpertERPFixedAssets\XpertERPFixedAssets.vbproj", "{3A4383C1-9242-4FE0-90AA-9AF743991104}"
EndProject
Project("{F184B08F-C81C-45F6-A57F-5ABD9991F28F}") = "XpertERPTDS", "..\XpertERPTDS\XpertERPTDS.vbproj", "{5CC85B58-F1D1-467C-8089-BDF692BB49D7}"
EndProject
Project("{F184B08F-C81C-45F6-A57F-5ABD9991F28F}") = "XpertERPService", "..\XpertERPService\XpertERPService.vbproj", "{43F2046D-D644-4095-A161-CC68B3567589}"
EndProject
Project("{F184B08F-C81C-45F6-A57F-5ABD9991F28F}") = "XpertERPRiceProduction", "..\XpertERPRiceProduction\XpertERPRiceProduction.vbproj", "{0178909C-8DC9-4B93-BAA3-74837EC6F7D1}"
EndProject
Project("{F184B08F-C81C-45F6-A57F-5ABD9991F28F}") = "XpertERPFarmerPayment", "..\XpertERPFarmerPayment\XpertERPFarmerPayment.vbproj", "{9CE7F00A-909A-4FC9-A67D-FED8A7DB5F7F}"
EndProject
Project("{F184B08F-C81C-45F6-A57F-5ABD9991F28F}") = "XpertERPDairySale", "..\XpertERPDairySale\XpertERPDairySale.vbproj", "{17FB6E3E-1FC7-4703-8193-B46E067F7D79}"
EndProject
Project("{F184B08F-C81C-45F6-A57F-5ABD9991F28F}") = "XpertERPParavetServices", "..\XpertERPParavetServices\XpertERPParavetServices.vbproj", "{F7C621E1-6CCF-4358-9BAE-0DB1904FD2F4}"
EndProject
Project("{F184B08F-C81C-45F6-A57F-5ABD9991F28F}") = "XpertERPProjectManagement", "..\XpertERPProjectManagement\XpertERPProjectManagement.vbproj", "{0108008E-34AE-4444-84A6-A3326AECBEE9}"
EndProject
Project("{F184B08F-C81C-45F6-A57F-5ABD9991F28F}") = "XpertERPElectrical", "..\XpertERPElectrical\XpertERPElectrical.vbproj", "{B4D8001A-B371-4961-80C4-C8E80F56B9FB}"
EndProject
Project("{F184B08F-C81C-45F6-A57F-5ABD9991F28F}") = "XpertERPGeneralLedger", "..\XpertERPGeneralLedger\XpertERPGeneralLedger.vbproj", "{1BD27254-3B5A-40FA-B774-B2B64C2DF0A3}"
EndProject
Project("{F184B08F-C81C-45F6-A57F-5ABD9991F28F}") = "XpertERPEngineeringAndPlantManagement", "..\XpertERPEngineeringAndPlantManagement\XpertERPEngineeringAndPlantManagement.vbproj", "{EA659C6F-9315-43D5-BE96-534D400F6BC4}"
EndProject
Project("{F184B08F-C81C-45F6-A57F-5ABD9991F28F}") = "XpertERPCustomerComplaint", "..\XpertERPCustomerComplaint\XpertERPCustomerComplaint.vbproj", "{E3F3BE1E-82C6-4F9B-A225-1A3D03FF7FE2}"
EndProject
Project("{F184B08F-C81C-45F6-A57F-5ABD9991F28F}") = "XpertERPProcessProduction", "..\XpertERPProcessProduction\XpertERPProcessProduction.vbproj", "{0EC6CEB2-31BF-49B9-B9D5-DCE0DC4148AC}"
EndProject
Project("{F184B08F-C81C-45F6-A57F-5ABD9991F28F}") = "XpertERPPurchase", "..\XpertERPPurchase\XpertERPPurchase.vbproj", "{59D1A2D5-C98A-463A-9512-30C90F0D433A}"
EndProject
Project("{F184B08F-C81C-45F6-A57F-5ABD9991F28F}") = "XpertERPEngineFine", "..\XpertERPEngineFine\XpertERPEngineFine.vbproj", "{AB38A7F1-75CB-41F0-AE56-6AD1CEC5193B}"
EndProject
Project("{F184B08F-C81C-45F6-A57F-5ABD9991F28F}") = "XpertERPBulkProcurement", "..\XpertERPBulkProcurement\XpertERPBulkProcurement.vbproj", "{0F8BAE09-AA89-485D-A1A6-BBB28ADC9154}"
EndProject
Project("{F184B08F-C81C-45F6-A57F-5ABD9991F28F}") = "XpertERPMIS", "..\XpertMIS\XpertERPMIS.vbproj", "{33D01BD2-2A5F-4AD5-B447-2DBC51C93D5B}"
EndProject
Global
	GlobalSection(SolutionConfigurationPlatforms) = preSolution
		Debug|Any CPU = Debug|Any CPU
		Release|Any CPU = Release|Any CPU
	EndGlobalSection
	GlobalSection(ProjectConfigurationPlatforms) = postSolution
		{96881043-0DEA-4212-B6A3-AFE09D11E081}.Debug|Any CPU.ActiveCfg = Debug|Any CPU
		{96881043-0DEA-4212-B6A3-AFE09D11E081}.Debug|Any CPU.Build.0 = Debug|Any CPU
		{96881043-0DEA-4212-B6A3-AFE09D11E081}.Release|Any CPU.ActiveCfg = Release|Any CPU
		{96881043-0DEA-4212-B6A3-AFE09D11E081}.Release|Any CPU.Build.0 = Release|Any CPU
		{FA619D1E-C09F-4D15-9DFA-63C256017D35}.Debug|Any CPU.ActiveCfg = Debug|Any CPU
		{FA619D1E-C09F-4D15-9DFA-63C256017D35}.Debug|Any CPU.Build.0 = Debug|Any CPU
		{FA619D1E-C09F-4D15-9DFA-63C256017D35}.Release|Any CPU.ActiveCfg = Release|Any CPU
		{FA619D1E-C09F-4D15-9DFA-63C256017D35}.Release|Any CPU.Build.0 = Release|Any CPU
		{3D95928D-C9D1-43D1-B215-A91706E91D40}.Debug|Any CPU.ActiveCfg = Debug|Any CPU
		{3D95928D-C9D1-43D1-B215-A91706E91D40}.Debug|Any CPU.Build.0 = Debug|Any CPU
		{3D95928D-C9D1-43D1-B215-A91706E91D40}.Release|Any CPU.ActiveCfg = Release|Any CPU
		{3D95928D-C9D1-43D1-B215-A91706E91D40}.Release|Any CPU.Build.0 = Release|Any CPU
		{C87C04D1-6DD3-4B0A-B741-0A9154469A78}.Debug|Any CPU.ActiveCfg = Debug|Any CPU
		{C87C04D1-6DD3-4B0A-B741-0A9154469A78}.Debug|Any CPU.Build.0 = Debug|Any CPU
		{C87C04D1-6DD3-4B0A-B741-0A9154469A78}.Release|Any CPU.ActiveCfg = Release|Any CPU
		{C87C04D1-6DD3-4B0A-B741-0A9154469A78}.Release|Any CPU.Build.0 = Release|Any CPU
		{55068237-A797-487D-B78A-F022135476FE}.Debug|Any CPU.ActiveCfg = Debug|Any CPU
		{55068237-A797-487D-B78A-F022135476FE}.Debug|Any CPU.Build.0 = Debug|Any CPU
		{55068237-A797-487D-B78A-F022135476FE}.Release|Any CPU.ActiveCfg = Release|Any CPU
		{55068237-A797-487D-B78A-F022135476FE}.Release|Any CPU.Build.0 = Release|Any CPU
		{1269A9FC-0CAD-4F50-8C11-E454CA307E14}.Debug|Any CPU.ActiveCfg = Debug|Any CPU
		{1269A9FC-0CAD-4F50-8C11-E454CA307E14}.Debug|Any CPU.Build.0 = Debug|Any CPU
		{1269A9FC-0CAD-4F50-8C11-E454CA307E14}.Release|Any CPU.ActiveCfg = Release|Any CPU
		{1269A9FC-0CAD-4F50-8C11-E454CA307E14}.Release|Any CPU.Build.0 = Release|Any CPU
		{349F45EB-BC52-447C-AE2F-00D247949BA9}.Debug|Any CPU.ActiveCfg = Debug|Any CPU
		{349F45EB-BC52-447C-AE2F-00D247949BA9}.Debug|Any CPU.Build.0 = Debug|Any CPU
		{349F45EB-BC52-447C-AE2F-00D247949BA9}.Release|Any CPU.ActiveCfg = Release|Any CPU
		{349F45EB-BC52-447C-AE2F-00D247949BA9}.Release|Any CPU.Build.0 = Release|Any CPU
		{64334626-CD11-4809-AB44-AA00874EB099}.Debug|Any CPU.ActiveCfg = Debug|Any CPU
		{64334626-CD11-4809-AB44-AA00874EB099}.Debug|Any CPU.Build.0 = Debug|Any CPU
		{64334626-CD11-4809-AB44-AA00874EB099}.Release|Any CPU.ActiveCfg = Release|Any CPU
		{64334626-CD11-4809-AB44-AA00874EB099}.Release|Any CPU.Build.0 = Release|Any CPU
		{3A4383C1-9242-4FE0-90AA-9AF743991104}.Debug|Any CPU.ActiveCfg = Debug|Any CPU
		{3A4383C1-9242-4FE0-90AA-9AF743991104}.Debug|Any CPU.Build.0 = Debug|Any CPU
		{3A4383C1-9242-4FE0-90AA-9AF743991104}.Release|Any CPU.ActiveCfg = Release|Any CPU
		{3A4383C1-9242-4FE0-90AA-9AF743991104}.Release|Any CPU.Build.0 = Release|Any CPU
		{5CC85B58-F1D1-467C-8089-BDF692BB49D7}.Debug|Any CPU.ActiveCfg = Debug|Any CPU
		{5CC85B58-F1D1-467C-8089-BDF692BB49D7}.Debug|Any CPU.Build.0 = Debug|Any CPU
		{5CC85B58-F1D1-467C-8089-BDF692BB49D7}.Release|Any CPU.ActiveCfg = Release|Any CPU
		{5CC85B58-F1D1-467C-8089-BDF692BB49D7}.Release|Any CPU.Build.0 = Release|Any CPU
		{43F2046D-D644-4095-A161-CC68B3567589}.Debug|Any CPU.ActiveCfg = Debug|Any CPU
		{43F2046D-D644-4095-A161-CC68B3567589}.Debug|Any CPU.Build.0 = Debug|Any CPU
		{43F2046D-D644-4095-A161-CC68B3567589}.Release|Any CPU.ActiveCfg = Release|Any CPU
		{43F2046D-D644-4095-A161-CC68B3567589}.Release|Any CPU.Build.0 = Release|Any CPU
		{0178909C-8DC9-4B93-BAA3-74837EC6F7D1}.Debug|Any CPU.ActiveCfg = Debug|Any CPU
		{0178909C-8DC9-4B93-BAA3-74837EC6F7D1}.Debug|Any CPU.Build.0 = Debug|Any CPU
		{0178909C-8DC9-4B93-BAA3-74837EC6F7D1}.Release|Any CPU.ActiveCfg = Release|Any CPU
		{0178909C-8DC9-4B93-BAA3-74837EC6F7D1}.Release|Any CPU.Build.0 = Release|Any CPU
		{9CE7F00A-909A-4FC9-A67D-FED8A7DB5F7F}.Debug|Any CPU.ActiveCfg = Debug|Any CPU
		{9CE7F00A-909A-4FC9-A67D-FED8A7DB5F7F}.Debug|Any CPU.Build.0 = Debug|Any CPU
		{9CE7F00A-909A-4FC9-A67D-FED8A7DB5F7F}.Release|Any CPU.ActiveCfg = Release|Any CPU
		{9CE7F00A-909A-4FC9-A67D-FED8A7DB5F7F}.Release|Any CPU.Build.0 = Release|Any CPU
		{17FB6E3E-1FC7-4703-8193-B46E067F7D79}.Debug|Any CPU.ActiveCfg = Debug|Any CPU
		{17FB6E3E-1FC7-4703-8193-B46E067F7D79}.Debug|Any CPU.Build.0 = Debug|Any CPU
		{17FB6E3E-1FC7-4703-8193-B46E067F7D79}.Release|Any CPU.ActiveCfg = Release|Any CPU
		{17FB6E3E-1FC7-4703-8193-B46E067F7D79}.Release|Any CPU.Build.0 = Release|Any CPU
		{F7C621E1-6CCF-4358-9BAE-0DB1904FD2F4}.Debug|Any CPU.ActiveCfg = Debug|Any CPU
		{F7C621E1-6CCF-4358-9BAE-0DB1904FD2F4}.Debug|Any CPU.Build.0 = Debug|Any CPU
		{F7C621E1-6CCF-4358-9BAE-0DB1904FD2F4}.Release|Any CPU.ActiveCfg = Release|Any CPU
		{F7C621E1-6CCF-4358-9BAE-0DB1904FD2F4}.Release|Any CPU.Build.0 = Release|Any CPU
		{0108008E-34AE-4444-84A6-A3326AECBEE9}.Debug|Any CPU.ActiveCfg = Debug|Any CPU
		{0108008E-34AE-4444-84A6-A3326AECBEE9}.Debug|Any CPU.Build.0 = Debug|Any CPU
		{0108008E-34AE-4444-84A6-A3326AECBEE9}.Release|Any CPU.ActiveCfg = Release|Any CPU
		{0108008E-34AE-4444-84A6-A3326AECBEE9}.Release|Any CPU.Build.0 = Release|Any CPU
		{B4D8001A-B371-4961-80C4-C8E80F56B9FB}.Debug|Any CPU.ActiveCfg = Debug|Any CPU
		{B4D8001A-B371-4961-80C4-C8E80F56B9FB}.Debug|Any CPU.Build.0 = Debug|Any CPU
		{B4D8001A-B371-4961-80C4-C8E80F56B9FB}.Release|Any CPU.ActiveCfg = Release|Any CPU
		{B4D8001A-B371-4961-80C4-C8E80F56B9FB}.Release|Any CPU.Build.0 = Release|Any CPU
		{1BD27254-3B5A-40FA-B774-B2B64C2DF0A3}.Debug|Any CPU.ActiveCfg = Debug|Any CPU
		{1BD27254-3B5A-40FA-B774-B2B64C2DF0A3}.Debug|Any CPU.Build.0 = Debug|Any CPU
		{1BD27254-3B5A-40FA-B774-B2B64C2DF0A3}.Release|Any CPU.ActiveCfg = Release|Any CPU
		{1BD27254-3B5A-40FA-B774-B2B64C2DF0A3}.Release|Any CPU.Build.0 = Release|Any CPU
		{EA659C6F-9315-43D5-BE96-534D400F6BC4}.Debug|Any CPU.ActiveCfg = Debug|Any CPU
		{EA659C6F-9315-43D5-BE96-534D400F6BC4}.Debug|Any CPU.Build.0 = Debug|Any CPU
		{EA659C6F-9315-43D5-BE96-534D400F6BC4}.Release|Any CPU.ActiveCfg = Release|Any CPU
		{EA659C6F-9315-43D5-BE96-534D400F6BC4}.Release|Any CPU.Build.0 = Release|Any CPU
		{E3F3BE1E-82C6-4F9B-A225-1A3D03FF7FE2}.Debug|Any CPU.ActiveCfg = Debug|Any CPU
		{E3F3BE1E-82C6-4F9B-A225-1A3D03FF7FE2}.Debug|Any CPU.Build.0 = Debug|Any CPU
		{E3F3BE1E-82C6-4F9B-A225-1A3D03FF7FE2}.Release|Any CPU.ActiveCfg = Release|Any CPU
		{E3F3BE1E-82C6-4F9B-A225-1A3D03FF7FE2}.Release|Any CPU.Build.0 = Release|Any CPU
		{0EC6CEB2-31BF-49B9-B9D5-DCE0DC4148AC}.Debug|Any CPU.ActiveCfg = Debug|Any CPU
		{0EC6CEB2-31BF-49B9-B9D5-DCE0DC4148AC}.Debug|Any CPU.Build.0 = Debug|Any CPU
		{0EC6CEB2-31BF-49B9-B9D5-DCE0DC4148AC}.Release|Any CPU.ActiveCfg = Release|Any CPU
		{0EC6CEB2-31BF-49B9-B9D5-DCE0DC4148AC}.Release|Any CPU.Build.0 = Release|Any CPU
		{59D1A2D5-C98A-463A-9512-30C90F0D433A}.Debug|Any CPU.ActiveCfg = Debug|Any CPU
		{59D1A2D5-C98A-463A-9512-30C90F0D433A}.Debug|Any CPU.Build.0 = Debug|Any CPU
		{59D1A2D5-C98A-463A-9512-30C90F0D433A}.Release|Any CPU.ActiveCfg = Release|Any CPU
		{59D1A2D5-C98A-463A-9512-30C90F0D433A}.Release|Any CPU.Build.0 = Release|Any CPU
		{AB38A7F1-75CB-41F0-AE56-6AD1CEC5193B}.Debug|Any CPU.ActiveCfg = Debug|Any CPU
		{AB38A7F1-75CB-41F0-AE56-6AD1CEC5193B}.Debug|Any CPU.Build.0 = Debug|Any CPU
		{AB38A7F1-75CB-41F0-AE56-6AD1CEC5193B}.Release|Any CPU.ActiveCfg = Release|Any CPU
		{AB38A7F1-75CB-41F0-AE56-6AD1CEC5193B}.Release|Any CPU.Build.0 = Release|Any CPU
		{0F8BAE09-AA89-485D-A1A6-BBB28ADC9154}.Debug|Any CPU.ActiveCfg = Debug|Any CPU
		{0F8BAE09-AA89-485D-A1A6-BBB28ADC9154}.Debug|Any CPU.Build.0 = Debug|Any CPU
		{0F8BAE09-AA89-485D-A1A6-BBB28ADC9154}.Release|Any CPU.ActiveCfg = Release|Any CPU
		{0F8BAE09-AA89-485D-A1A6-BBB28ADC9154}.Release|Any CPU.Build.0 = Release|Any CPU
		{33D01BD2-2A5F-4AD5-B447-2DBC51C93D5B}.Debug|Any CPU.ActiveCfg = Debug|Any CPU
		{33D01BD2-2A5F-4AD5-B447-2DBC51C93D5B}.Debug|Any CPU.Build.0 = Debug|Any CPU
		{33D01BD2-2A5F-4AD5-B447-2DBC51C93D5B}.Release|Any CPU.ActiveCfg = Release|Any CPU
		{33D01BD2-2A5F-4AD5-B447-2DBC51C93D5B}.Release|Any CPU.Build.0 = Release|Any CPU
	EndGlobalSection
	GlobalSection(SolutionProperties) = preSolution
		HideSolutionNode = FALSE
	EndGlobalSection
	GlobalSection(ExtensibilityGlobals) = postSolution
		SolutionGuid = {49131C17-EDC5-400D-B186-10F370505175}
	EndGlobalSection
EndGlobal
