
Microsoft Visual Studio Solution File, Format Version 12.00
# Visual Studio 2012
Project("{F184B08F-C81C-45F6-A57F-5ABD9991F28F}") = "XpertERPService", "XpertERPService.vbproj", "{43F2046D-D644-4095-A161-CC68B3567589}"
EndProject
Global
	GlobalSection(SourceCodeControl) = preSolution
		SccNumberOfProjects = 2
		SccProjectName0 = \u0022$/ERP.root/ERP/XpertERPService\u0022,\u0020BAPBAAAA
		SccLocalPath0 = ..
		SccProvider0 = MSSCCI:Microsoft\u0020Visual\u0020SourceSafe
		SccProjectFilePathRelativizedFromConnection0 = XpertERPService\\
		SccProjectUniqueName1 = XpertERPService.vbproj
		SccLocalPath1 = ..
		SccProjectFilePathRelativizedFromConnection1 = XpertERPService\\
	EndGlobalSection
	GlobalSection(SolutionConfigurationPlatforms) = preSolution
		Debug|Any CPU = Debug|Any CPU
		Release|Any CPU = Release|Any CPU
	EndGlobalSection
	GlobalSection(ProjectConfigurationPlatforms) = postSolution
		{43F2046D-D644-4095-A161-CC68B3567589}.Debug|Any CPU.ActiveCfg = Debug|Any CPU
		{43F2046D-D644-4095-A161-CC68B3567589}.Debug|Any CPU.Build.0 = Debug|Any CPU
		{43F2046D-D644-4095-A161-CC68B3567589}.Release|Any CPU.ActiveCfg = Release|Any CPU
		{43F2046D-D644-4095-A161-CC68B3567589}.Release|Any CPU.Build.0 = Release|Any CPU
	EndGlobalSection
	GlobalSection(SolutionProperties) = preSolution
		HideSolutionNode = FALSE
	EndGlobalSection
EndGlobal
